// !$*UTF8*$!
{
	archiveVersion = 1;
	classes = {
	};
	objectVersion = 51;
	objects = {

/* Begin PBXBuildFile section */
		13ED3D699E27B9E7493FFC01 /* Pods_MetaWeather_MetaWeatherUITests.framework in Frameworks */ = {isa = PBXBuildFile; fileRef = E1ADC18D1B0CDBFC17D095AE /* Pods_MetaWeather_MetaWeatherUITests.framework */; };
		181A67FB26EEF78B0048F742 /* SearchLocationsTableViewCell.swift in Sources */ = {isa = PBXBuildFile; fileRef = 181A67F926EEF78B0048F742 /* SearchLocationsTableViewCell.swift */; };
		181A67FC26EEF78B0048F742 /* SearchLocationsTableViewCell.xib in Resources */ = {isa = PBXBuildFile; fileRef = 181A67FA26EEF78B0048F742 /* SearchLocationsTableViewCell.xib */; };
		181A680026EEFB470048F742 /* DetailLocationTableViewCell.swift in Sources */ = {isa = PBXBuildFile; fileRef = 181A67FE26EEFB470048F742 /* DetailLocationTableViewCell.swift */; };
		181A680126EEFB470048F742 /* DetailLocationTableViewCell.xib in Resources */ = {isa = PBXBuildFile; fileRef = 181A67FF26EEFB470048F742 /* DetailLocationTableViewCell.xib */; };
		186EE1D726ED2F6E0095A06E /* BaseService.swift in Sources */ = {isa = PBXBuildFile; fileRef = 186EE1D626ED2F6E0095A06E /* BaseService.swift */; };
		1881F57126ED1E4200B175D0 /* AppDelegate.swift in Sources */ = {isa = PBXBuildFile; fileRef = 1881F57026ED1E4200B175D0 /* AppDelegate.swift */; };
		1881F57326ED1E4200B175D0 /* SceneDelegate.swift in Sources */ = {isa = PBXBuildFile; fileRef = 1881F57226ED1E4200B175D0 /* SceneDelegate.swift */; };
		1881F57A26ED1E4C00B175D0 /* Assets.xcassets in Resources */ = {isa = PBXBuildFile; fileRef = 1881F57926ED1E4C00B175D0 /* Assets.xcassets */; };
		1881F57D26ED1E4C00B175D0 /* LaunchScreen.storyboard in Resources */ = {isa = PBXBuildFile; fileRef = 1881F57B26ED1E4C00B175D0 /* LaunchScreen.storyboard */; };
		1881F58826ED1E4D00B175D0 /* MetaWeatherTests.swift in Sources */ = {isa = PBXBuildFile; fileRef = 1881F58726ED1E4D00B175D0 /* MetaWeatherTests.swift */; };
		1881F59326ED1E4D00B175D0 /* MetaWeatherUITests.swift in Sources */ = {isa = PBXBuildFile; fileRef = 1881F59226ED1E4D00B175D0 /* MetaWeatherUITests.swift */; };
		18ED2E3F26ED30EF005293BD /* Alamofire.framework in Frameworks */ = {isa = PBXBuildFile; fileRef = 18ED2E3E26ED30EF005293BD /* Alamofire.framework */; };
		18ED2E4326ED31B1005293BD /* NetworkConstants.swift in Sources */ = {isa = PBXBuildFile; fileRef = 18ED2E4226ED31B1005293BD /* NetworkConstants.swift */; };
		18ED2E4526ED3D6D005293BD /* LocationEntity.swift in Sources */ = {isa = PBXBuildFile; fileRef = 18ED2E4426ED3D6D005293BD /* LocationEntity.swift */; };
		18ED2E4726ED3E4C005293BD /* LocationDayWatherEntity.swift in Sources */ = {isa = PBXBuildFile; fileRef = 18ED2E4626ED3E4C005293BD /* LocationDayWatherEntity.swift */; };
		18ED2E4926ED3FE7005293BD /* ConsolidateWeatherEntity.swift in Sources */ = {isa = PBXBuildFile; fileRef = 18ED2E4826ED3FE7005293BD /* ConsolidateWeatherEntity.swift */; };
		18ED2E4B26ED4483005293BD /* SearchLocationEndPoint.swift in Sources */ = {isa = PBXBuildFile; fileRef = 18ED2E4A26ED4483005293BD /* SearchLocationEndPoint.swift */; };
		18ED2E4E26ED469B005293BD /* SearchLocationService.swift in Sources */ = {isa = PBXBuildFile; fileRef = 18ED2E4D26ED469B005293BD /* SearchLocationService.swift */; };
		18ED2E5026ED48F6005293BD /* SearchLocationInteractor.swift in Sources */ = {isa = PBXBuildFile; fileRef = 18ED2E4F26ED48F6005293BD /* SearchLocationInteractor.swift */; };
		18ED2E5226ED4915005293BD /* SearchLocationProtocols.swift in Sources */ = {isa = PBXBuildFile; fileRef = 18ED2E5126ED4915005293BD /* SearchLocationProtocols.swift */; };
		18ED2E5526ED4D47005293BD /* SearchLocationsViewController.swift in Sources */ = {isa = PBXBuildFile; fileRef = 18ED2E5326ED4D47005293BD /* SearchLocationsViewController.swift */; };
		18ED2E5626ED4D47005293BD /* SearchLocationsViewController.xib in Resources */ = {isa = PBXBuildFile; fileRef = 18ED2E5426ED4D47005293BD /* SearchLocationsViewController.xib */; };
		18ED2E5826ED4DC2005293BD /* SearchLocationsPresenter.swift in Sources */ = {isa = PBXBuildFile; fileRef = 18ED2E5726ED4DC2005293BD /* SearchLocationsPresenter.swift */; };
		18ED2E5A26ED4E89005293BD /* SearchLocationsRouter.swift in Sources */ = {isa = PBXBuildFile; fileRef = 18ED2E5926ED4E89005293BD /* SearchLocationsRouter.swift */; };
		18ED2E6226ED77B5005293BD /* UITableView+Extensions.swift in Sources */ = {isa = PBXBuildFile; fileRef = 18ED2E6126ED77B5005293BD /* UITableView+Extensions.swift */; };
		18ED2E6526ED78B2005293BD /* DetailLocationWeatherEndPoint.swift in Sources */ = {isa = PBXBuildFile; fileRef = 18ED2E6426ED78B2005293BD /* DetailLocationWeatherEndPoint.swift */; };
		18ED2E6726ED78E0005293BD /* DetailLocationWeatherService.swift in Sources */ = {isa = PBXBuildFile; fileRef = 18ED2E6626ED78E0005293BD /* DetailLocationWeatherService.swift */; };
		18ED2E7326ED7A69005293BD /* DetailModuleProtocols.swift in Sources */ = {isa = PBXBuildFile; fileRef = 18ED2E7226ED7A69005293BD /* DetailModuleProtocols.swift */; };
		18ED2E7626ED7DDF005293BD /* DetailLocationViewController.swift in Sources */ = {isa = PBXBuildFile; fileRef = 18ED2E7426ED7DDF005293BD /* DetailLocationViewController.swift */; };
		18ED2E7726ED7DDF005293BD /* DetailLocationViewController.xib in Resources */ = {isa = PBXBuildFile; fileRef = 18ED2E7526ED7DDF005293BD /* DetailLocationViewController.xib */; };
		18ED2E7926ED7E1E005293BD /* DetailLocationPresenter.swift in Sources */ = {isa = PBXBuildFile; fileRef = 18ED2E7826ED7E1E005293BD /* DetailLocationPresenter.swift */; };
		18ED2E7B26ED7F7A005293BD /* DetailLocationInteractor.swift in Sources */ = {isa = PBXBuildFile; fileRef = 18ED2E7A26ED7F7A005293BD /* DetailLocationInteractor.swift */; };
		18ED2E7D26ED841C005293BD /* DetailLocationRouter.swift in Sources */ = {isa = PBXBuildFile; fileRef = 18ED2E7C26ED841C005293BD /* DetailLocationRouter.swift */; };
		2212238A5A826AE859DB1DC8 /* Pods_MetaWeather.framework in Frameworks */ = {isa = PBXBuildFile; fileRef = BA422A752C9606FDF9EE1E46 /* Pods_MetaWeather.framework */; };
		37ED8C3501D620BEBDE53317 /* Pods_MetaWeatherTests.framework in Frameworks */ = {isa = PBXBuildFile; fileRef = 48443368D84469066F09F358 /* Pods_MetaWeatherTests.framework */; };
/* End PBXBuildFile section */

/* Begin PBXContainerItemProxy section */
		1881F58426ED1E4D00B175D0 /* PBXContainerItemProxy */ = {
			isa = PBXContainerItemProxy;
			containerPortal = 1881F56526ED1E4200B175D0 /* Project object */;
			proxyType = 1;
			remoteGlobalIDString = 1881F56C26ED1E4200B175D0;
			remoteInfo = MetaWeather;
		};
		1881F58F26ED1E4D00B175D0 /* PBXContainerItemProxy */ = {
			isa = PBXContainerItemProxy;
			containerPortal = 1881F56526ED1E4200B175D0 /* Project object */;
			proxyType = 1;
			remoteGlobalIDString = 1881F56C26ED1E4200B175D0;
			remoteInfo = MetaWeather;
		};
/* End PBXContainerItemProxy section */

/* Begin PBXFileReference section */
		181A67F926EEF78B0048F742 /* SearchLocationsTableViewCell.swift */ = {isa = PBXFileReference; lastKnownFileType = sourcecode.swift; path = SearchLocationsTableViewCell.swift; sourceTree = "<group>"; };
		181A67FA26EEF78B0048F742 /* SearchLocationsTableViewCell.xib */ = {isa = PBXFileReference; lastKnownFileType = file.xib; path = SearchLocationsTableViewCell.xib; sourceTree = "<group>"; };
		181A67FE26EEFB470048F742 /* DetailLocationTableViewCell.swift */ = {isa = PBXFileReference; lastKnownFileType = sourcecode.swift; path = DetailLocationTableViewCell.swift; sourceTree = "<group>"; };
		181A67FF26EEFB470048F742 /* DetailLocationTableViewCell.xib */ = {isa = PBXFileReference; lastKnownFileType = file.xib; path = DetailLocationTableViewCell.xib; sourceTree = "<group>"; };
		186EE1D626ED2F6E0095A06E /* BaseService.swift */ = {isa = PBXFileReference; lastKnownFileType = sourcecode.swift; path = BaseService.swift; sourceTree = "<group>"; };
		1881F56D26ED1E4200B175D0 /* MetaWeather.app */ = {isa = PBXFileReference; explicitFileType = wrapper.application; includeInIndex = 0; path = MetaWeather.app; sourceTree = BUILT_PRODUCTS_DIR; };
		1881F57026ED1E4200B175D0 /* AppDelegate.swift */ = {isa = PBXFileReference; lastKnownFileType = sourcecode.swift; path = AppDelegate.swift; sourceTree = "<group>"; };
		1881F57226ED1E4200B175D0 /* SceneDelegate.swift */ = {isa = PBXFileReference; lastKnownFileType = sourcecode.swift; path = SceneDelegate.swift; sourceTree = "<group>"; };
		1881F57926ED1E4C00B175D0 /* Assets.xcassets */ = {isa = PBXFileReference; lastKnownFileType = folder.assetcatalog; path = Assets.xcassets; sourceTree = "<group>"; };
		1881F57C26ED1E4C00B175D0 /* Base */ = {isa = PBXFileReference; lastKnownFileType = file.storyboard; name = Base; path = Base.lproj/LaunchScreen.storyboard; sourceTree = "<group>"; };
		1881F57E26ED1E4C00B175D0 /* Info.plist */ = {isa = PBXFileReference; lastKnownFileType = text.plist.xml; path = Info.plist; sourceTree = "<group>"; };
		1881F58326ED1E4D00B175D0 /* MetaWeatherTests.xctest */ = {isa = PBXFileReference; explicitFileType = wrapper.cfbundle; includeInIndex = 0; path = MetaWeatherTests.xctest; sourceTree = BUILT_PRODUCTS_DIR; };
		1881F58726ED1E4D00B175D0 /* MetaWeatherTests.swift */ = {isa = PBXFileReference; lastKnownFileType = sourcecode.swift; path = MetaWeatherTests.swift; sourceTree = "<group>"; };
		1881F58926ED1E4D00B175D0 /* Info.plist */ = {isa = PBXFileReference; lastKnownFileType = text.plist.xml; path = Info.plist; sourceTree = "<group>"; };
		1881F58E26ED1E4D00B175D0 /* MetaWeatherUITests.xctest */ = {isa = PBXFileReference; explicitFileType = wrapper.cfbundle; includeInIndex = 0; path = MetaWeatherUITests.xctest; sourceTree = BUILT_PRODUCTS_DIR; };
		1881F59226ED1E4D00B175D0 /* MetaWeatherUITests.swift */ = {isa = PBXFileReference; lastKnownFileType = sourcecode.swift; path = MetaWeatherUITests.swift; sourceTree = "<group>"; };
		1881F59426ED1E4D00B175D0 /* Info.plist */ = {isa = PBXFileReference; lastKnownFileType = text.plist.xml; path = Info.plist; sourceTree = "<group>"; };
		18ED2E3E26ED30EF005293BD /* Alamofire.framework */ = {isa = PBXFileReference; explicitFileType = wrapper.framework; path = Alamofire.framework; sourceTree = BUILT_PRODUCTS_DIR; };
		18ED2E4226ED31B1005293BD /* NetworkConstants.swift */ = {isa = PBXFileReference; lastKnownFileType = sourcecode.swift; path = NetworkConstants.swift; sourceTree = "<group>"; };
		18ED2E4426ED3D6D005293BD /* LocationEntity.swift */ = {isa = PBXFileReference; lastKnownFileType = sourcecode.swift; path = LocationEntity.swift; sourceTree = "<group>"; };
		18ED2E4626ED3E4C005293BD /* LocationDayWatherEntity.swift */ = {isa = PBXFileReference; lastKnownFileType = sourcecode.swift; path = LocationDayWatherEntity.swift; sourceTree = "<group>"; };
		18ED2E4826ED3FE7005293BD /* ConsolidateWeatherEntity.swift */ = {isa = PBXFileReference; lastKnownFileType = sourcecode.swift; path = ConsolidateWeatherEntity.swift; sourceTree = "<group>"; };
		18ED2E4A26ED4483005293BD /* SearchLocationEndPoint.swift */ = {isa = PBXFileReference; lastKnownFileType = sourcecode.swift; path = SearchLocationEndPoint.swift; sourceTree = "<group>"; };
		18ED2E4D26ED469B005293BD /* SearchLocationService.swift */ = {isa = PBXFileReference; lastKnownFileType = sourcecode.swift; path = SearchLocationService.swift; sourceTree = "<group>"; };
		18ED2E4F26ED48F6005293BD /* SearchLocationInteractor.swift */ = {isa = PBXFileReference; lastKnownFileType = sourcecode.swift; path = SearchLocationInteractor.swift; sourceTree = "<group>"; };
		18ED2E5126ED4915005293BD /* SearchLocationProtocols.swift */ = {isa = PBXFileReference; lastKnownFileType = sourcecode.swift; path = SearchLocationProtocols.swift; sourceTree = "<group>"; };
		18ED2E5326ED4D47005293BD /* SearchLocationsViewController.swift */ = {isa = PBXFileReference; lastKnownFileType = sourcecode.swift; path = SearchLocationsViewController.swift; sourceTree = "<group>"; };
		18ED2E5426ED4D47005293BD /* SearchLocationsViewController.xib */ = {isa = PBXFileReference; lastKnownFileType = file.xib; path = SearchLocationsViewController.xib; sourceTree = "<group>"; };
		18ED2E5726ED4DC2005293BD /* SearchLocationsPresenter.swift */ = {isa = PBXFileReference; lastKnownFileType = sourcecode.swift; path = SearchLocationsPresenter.swift; sourceTree = "<group>"; };
		18ED2E5926ED4E89005293BD /* SearchLocationsRouter.swift */ = {isa = PBXFileReference; lastKnownFileType = sourcecode.swift; path = SearchLocationsRouter.swift; sourceTree = "<group>"; };
		18ED2E6126ED77B5005293BD /* UITableView+Extensions.swift */ = {isa = PBXFileReference; lastKnownFileType = sourcecode.swift; path = "UITableView+Extensions.swift"; sourceTree = "<group>"; };
		18ED2E6426ED78B2005293BD /* DetailLocationWeatherEndPoint.swift */ = {isa = PBXFileReference; lastKnownFileType = sourcecode.swift; path = DetailLocationWeatherEndPoint.swift; sourceTree = "<group>"; };
		18ED2E6626ED78E0005293BD /* DetailLocationWeatherService.swift */ = {isa = PBXFileReference; lastKnownFileType = sourcecode.swift; path = DetailLocationWeatherService.swift; sourceTree = "<group>"; };
		18ED2E7226ED7A69005293BD /* DetailModuleProtocols.swift */ = {isa = PBXFileReference; lastKnownFileType = sourcecode.swift; path = DetailModuleProtocols.swift; sourceTree = "<group>"; };
		18ED2E7426ED7DDF005293BD /* DetailLocationViewController.swift */ = {isa = PBXFileReference; lastKnownFileType = sourcecode.swift; path = DetailLocationViewController.swift; sourceTree = "<group>"; };
		18ED2E7526ED7DDF005293BD /* DetailLocationViewController.xib */ = {isa = PBXFileReference; lastKnownFileType = file.xib; path = DetailLocationViewController.xib; sourceTree = "<group>"; };
		18ED2E7826ED7E1E005293BD /* DetailLocationPresenter.swift */ = {isa = PBXFileReference; lastKnownFileType = sourcecode.swift; path = DetailLocationPresenter.swift; sourceTree = "<group>"; };
		18ED2E7A26ED7F7A005293BD /* DetailLocationInteractor.swift */ = {isa = PBXFileReference; lastKnownFileType = sourcecode.swift; path = DetailLocationInteractor.swift; sourceTree = "<group>"; };
		18ED2E7C26ED841C005293BD /* DetailLocationRouter.swift */ = {isa = PBXFileReference; lastKnownFileType = sourcecode.swift; path = DetailLocationRouter.swift; sourceTree = "<group>"; };
		3930183E2FFB49025A0EE5D6 /* Pods-MetaWeather-MetaWeatherUITests.release.xcconfig */ = {isa = PBXFileReference; includeInIndex = 1; lastKnownFileType = text.xcconfig; name = "Pods-MetaWeather-MetaWeatherUITests.release.xcconfig"; path = "Target Support Files/Pods-MetaWeather-MetaWeatherUITests/Pods-MetaWeather-MetaWeatherUITests.release.xcconfig"; sourceTree = "<group>"; };
		48443368D84469066F09F358 /* Pods_MetaWeatherTests.framework */ = {isa = PBXFileReference; explicitFileType = wrapper.framework; includeInIndex = 0; path = Pods_MetaWeatherTests.framework; sourceTree = BUILT_PRODUCTS_DIR; };
		506AA477AB8BFD8CD8C614ED /* Pods-MetaWeather.release.xcconfig */ = {isa = PBXFileReference; includeInIndex = 1; lastKnownFileType = text.xcconfig; name = "Pods-MetaWeather.release.xcconfig"; path = "Target Support Files/Pods-MetaWeather/Pods-MetaWeather.release.xcconfig"; sourceTree = "<group>"; };
		6C8A5A5AA188B9E00F2457B2 /* Pods-MetaWeather-MetaWeatherUITests.debug.xcconfig */ = {isa = PBXFileReference; includeInIndex = 1; lastKnownFileType = text.xcconfig; name = "Pods-MetaWeather-MetaWeatherUITests.debug.xcconfig"; path = "Target Support Files/Pods-MetaWeather-MetaWeatherUITests/Pods-MetaWeather-MetaWeatherUITests.debug.xcconfig"; sourceTree = "<group>"; };
		A75251224A2B891B5F0FA04A /* Pods-MetaWeatherTests.debug.xcconfig */ = {isa = PBXFileReference; includeInIndex = 1; lastKnownFileType = text.xcconfig; name = "Pods-MetaWeatherTests.debug.xcconfig"; path = "Target Support Files/Pods-MetaWeatherTests/Pods-MetaWeatherTests.debug.xcconfig"; sourceTree = "<group>"; };
		B4E46612DFABCA4496804BF4 /* Pods-MetaWeatherTests.release.xcconfig */ = {isa = PBXFileReference; includeInIndex = 1; lastKnownFileType = text.xcconfig; name = "Pods-MetaWeatherTests.release.xcconfig"; path = "Target Support Files/Pods-MetaWeatherTests/Pods-MetaWeatherTests.release.xcconfig"; sourceTree = "<group>"; };
		BA422A752C9606FDF9EE1E46 /* Pods_MetaWeather.framework */ = {isa = PBXFileReference; explicitFileType = wrapper.framework; includeInIndex = 0; path = Pods_MetaWeather.framework; sourceTree = BUILT_PRODUCTS_DIR; };
		E1ADC18D1B0CDBFC17D095AE /* Pods_MetaWeather_MetaWeatherUITests.framework */ = {isa = PBXFileReference; explicitFileType = wrapper.framework; includeInIndex = 0; path = Pods_MetaWeather_MetaWeatherUITests.framework; sourceTree = BUILT_PRODUCTS_DIR; };
		ED5C0D22E6B85D02DFAF7E9B /* Pods-MetaWeather.debug.xcconfig */ = {isa = PBXFileReference; includeInIndex = 1; lastKnownFileType = text.xcconfig; name = "Pods-MetaWeather.debug.xcconfig"; path = "Target Support Files/Pods-MetaWeather/Pods-MetaWeather.debug.xcconfig"; sourceTree = "<group>"; };
/* End PBXFileReference section */

/* Begin PBXFrameworksBuildPhase section */
		1881F56A26ED1E4200B175D0 /* Frameworks */ = {
			isa = PBXFrameworksBuildPhase;
			buildActionMask = 2147483647;
			files = (
				2212238A5A826AE859DB1DC8 /* Pods_MetaWeather.framework in Frameworks */,
				18ED2E3F26ED30EF005293BD /* Alamofire.framework in Frameworks */,
			);
			runOnlyForDeploymentPostprocessing = 0;
		};
		1881F58026ED1E4D00B175D0 /* Frameworks */ = {
			isa = PBXFrameworksBuildPhase;
			buildActionMask = 2147483647;
			files = (
				37ED8C3501D620BEBDE53317 /* Pods_MetaWeatherTests.framework in Frameworks */,
			);
			runOnlyForDeploymentPostprocessing = 0;
		};
		1881F58B26ED1E4D00B175D0 /* Frameworks */ = {
			isa = PBXFrameworksBuildPhase;
			buildActionMask = 2147483647;
			files = (
				13ED3D699E27B9E7493FFC01 /* Pods_MetaWeather_MetaWeatherUITests.framework in Frameworks */,
			);
			runOnlyForDeploymentPostprocessing = 0;
		};
/* End PBXFrameworksBuildPhase section */

/* Begin PBXGroup section */
		181A67FD26EEF7A40048F742 /* cell */ = {
			isa = PBXGroup;
			children = (
				181A67F926EEF78B0048F742 /* SearchLocationsTableViewCell.swift */,
				181A67FA26EEF78B0048F742 /* SearchLocationsTableViewCell.xib */,
			);
			path = cell;
			sourceTree = "<group>";
		};
		186EE1CE26ED2E600095A06E /* SearchModule */ = {
			isa = PBXGroup;
			children = (
				186EE1D026ED2E8F0095A06E /* View */,
				186EE1D126ED2E960095A06E /* Interactor */,
				186EE1D226ED2EA10095A06E /* Presenter */,
				186EE1D426ED2EB20095A06E /* Entity */,
				186EE1D326ED2EAA0095A06E /* Router */,
				186EE1CF26ED2E830095A06E /* Protocols */,
				186EE1D526ED2F000095A06E /* Services */,
			);
			path = SearchModule;
			sourceTree = "<group>";
		};
		186EE1CF26ED2E830095A06E /* Protocols */ = {
			isa = PBXGroup;
			children = (
				18ED2E5126ED4915005293BD /* SearchLocationProtocols.swift */,
			);
			path = Protocols;
			sourceTree = "<group>";
		};
		186EE1D026ED2E8F0095A06E /* View */ = {
			isa = PBXGroup;
			children = (
				181A67FD26EEF7A40048F742 /* cell */,
				18ED2E5326ED4D47005293BD /* SearchLocationsViewController.swift */,
				18ED2E5426ED4D47005293BD /* SearchLocationsViewController.xib */,
			);
			path = View;
			sourceTree = "<group>";
		};
		186EE1D126ED2E960095A06E /* Interactor */ = {
			isa = PBXGroup;
			children = (
				18ED2E4F26ED48F6005293BD /* SearchLocationInteractor.swift */,
			);
			path = Interactor;
			sourceTree = "<group>";
		};
		186EE1D226ED2EA10095A06E /* Presenter */ = {
			isa = PBXGroup;
			children = (
				18ED2E5726ED4DC2005293BD /* SearchLocationsPresenter.swift */,
			);
			path = Presenter;
			sourceTree = "<group>";
		};
		186EE1D326ED2EAA0095A06E /* Router */ = {
			isa = PBXGroup;
			children = (
				18ED2E5926ED4E89005293BD /* SearchLocationsRouter.swift */,
			);
			path = Router;
			sourceTree = "<group>";
		};
		186EE1D426ED2EB20095A06E /* Entity */ = {
			isa = PBXGroup;
			children = (
				18ED2E4426ED3D6D005293BD /* LocationEntity.swift */,
			);
			path = Entity;
			sourceTree = "<group>";
		};
		186EE1D526ED2F000095A06E /* Services */ = {
			isa = PBXGroup;
			children = (
				18ED2E4C26ED4680005293BD /* SearchLocation */,
			);
			path = Services;
			sourceTree = "<group>";
		};
		1881F56426ED1E4200B175D0 = {
			isa = PBXGroup;
			children = (
				1881F56F26ED1E4200B175D0 /* MetaWeather */,
				1881F58626ED1E4D00B175D0 /* MetaWeatherTests */,
				1881F59126ED1E4D00B175D0 /* MetaWeatherUITests */,
				1881F56E26ED1E4200B175D0 /* Products */,
				DB238954964FA96D27AEDF6E /* Pods */,
				668033D1336BC91672AB21A1 /* Frameworks */,
			);
			sourceTree = "<group>";
		};
		1881F56E26ED1E4200B175D0 /* Products */ = {
			isa = PBXGroup;
			children = (
				1881F56D26ED1E4200B175D0 /* MetaWeather.app */,
				1881F58326ED1E4D00B175D0 /* MetaWeatherTests.xctest */,
				1881F58E26ED1E4D00B175D0 /* MetaWeatherUITests.xctest */,
			);
			name = Products;
			sourceTree = "<group>";
		};
		1881F56F26ED1E4200B175D0 /* MetaWeather */ = {
			isa = PBXGroup;
			children = (
				18ED2E6A26ED796B005293BD /* Networking */,
				18ED2E6826ED7936005293BD /* DetailModule */,
				18ED2E6026ED779F005293BD /* Extensions */,
				186EE1CE26ED2E600095A06E /* SearchModule */,
				1881F57026ED1E4200B175D0 /* AppDelegate.swift */,
				1881F57226ED1E4200B175D0 /* SceneDelegate.swift */,
				1881F57926ED1E4C00B175D0 /* Assets.xcassets */,
				1881F57B26ED1E4C00B175D0 /* LaunchScreen.storyboard */,
				1881F57E26ED1E4C00B175D0 /* Info.plist */,
			);
			path = MetaWeather;
			sourceTree = "<group>";
		};
		1881F58626ED1E4D00B175D0 /* MetaWeatherTests */ = {
			isa = PBXGroup;
			children = (
				1881F58726ED1E4D00B175D0 /* MetaWeatherTests.swift */,
				1881F58926ED1E4D00B175D0 /* Info.plist */,
			);
			path = MetaWeatherTests;
			sourceTree = "<group>";
		};
		1881F59126ED1E4D00B175D0 /* MetaWeatherUITests */ = {
			isa = PBXGroup;
			children = (
				1881F59226ED1E4D00B175D0 /* MetaWeatherUITests.swift */,
				1881F59426ED1E4D00B175D0 /* Info.plist */,
			);
			path = MetaWeatherUITests;
			sourceTree = "<group>";
		};
		18ED2E4C26ED4680005293BD /* SearchLocation */ = {
			isa = PBXGroup;
			children = (
				18ED2E4D26ED469B005293BD /* SearchLocationService.swift */,
				18ED2E4A26ED4483005293BD /* SearchLocationEndPoint.swift */,
			);
			path = SearchLocation;
			sourceTree = "<group>";
		};
		18ED2E5B26ED5EC4005293BD /* cell */ = {
			isa = PBXGroup;
			children = (
				181A67FE26EEFB470048F742 /* DetailLocationTableViewCell.swift */,
				181A67FF26EEFB470048F742 /* DetailLocationTableViewCell.xib */,
			);
			path = cell;
			sourceTree = "<group>";
		};
		18ED2E6026ED779F005293BD /* Extensions */ = {
			isa = PBXGroup;
			children = (
				18ED2E6126ED77B5005293BD /* UITableView+Extensions.swift */,
			);
			path = Extensions;
			sourceTree = "<group>";
		};
		18ED2E6326ED78A1005293BD /* SearchDetail */ = {
			isa = PBXGroup;
			children = (
				18ED2E6426ED78B2005293BD /* DetailLocationWeatherEndPoint.swift */,
				18ED2E6626ED78E0005293BD /* DetailLocationWeatherService.swift */,
			);
			path = SearchDetail;
			sourceTree = "<group>";
		};
		18ED2E6826ED7936005293BD /* DetailModule */ = {
			isa = PBXGroup;
			children = (
				18ED2E6C26ED79ED005293BD /* View */,
				18ED2E6E26ED79FA005293BD /* Interactor */,
				18ED2E6D26ED79F2005293BD /* Presenter */,
				18ED2E6F26ED7A00005293BD /* Entity */,
				18ED2E7026ED7A16005293BD /* Router */,
				18ED2E7126ED7A27005293BD /* Protocols */,
				18ED2E6926ED7954005293BD /* Service */,
			);
			path = DetailModule;
			sourceTree = "<group>";
		};
		18ED2E6926ED7954005293BD /* Service */ = {
			isa = PBXGroup;
			children = (
				18ED2E6326ED78A1005293BD /* SearchDetail */,
			);
			path = Service;
			sourceTree = "<group>";
		};
		18ED2E6A26ED796B005293BD /* Networking */ = {
			isa = PBXGroup;
			children = (
				186EE1D626ED2F6E0095A06E /* BaseService.swift */,
				18ED2E4226ED31B1005293BD /* NetworkConstants.swift */,
			);
			path = Networking;
			sourceTree = "<group>";
		};
		18ED2E6C26ED79ED005293BD /* View */ = {
			isa = PBXGroup;
			children = (
				18ED2E5B26ED5EC4005293BD /* cell */,
				18ED2E7426ED7DDF005293BD /* DetailLocationViewController.swift */,
				18ED2E7526ED7DDF005293BD /* DetailLocationViewController.xib */,
			);
			path = View;
			sourceTree = "<group>";
		};
		18ED2E6D26ED79F2005293BD /* Presenter */ = {
			isa = PBXGroup;
			children = (
				18ED2E7826ED7E1E005293BD /* DetailLocationPresenter.swift */,
			);
			path = Presenter;
			sourceTree = "<group>";
		};
		18ED2E6E26ED79FA005293BD /* Interactor */ = {
			isa = PBXGroup;
			children = (
				18ED2E7A26ED7F7A005293BD /* DetailLocationInteractor.swift */,
			);
			path = Interactor;
			sourceTree = "<group>";
		};
		18ED2E6F26ED7A00005293BD /* Entity */ = {
			isa = PBXGroup;
			children = (
				18ED2E4626ED3E4C005293BD /* LocationDayWatherEntity.swift */,
				18ED2E4826ED3FE7005293BD /* ConsolidateWeatherEntity.swift */,
			);
			path = Entity;
			sourceTree = "<group>";
		};
		18ED2E7026ED7A16005293BD /* Router */ = {
			isa = PBXGroup;
			children = (
				18ED2E7C26ED841C005293BD /* DetailLocationRouter.swift */,
			);
			path = Router;
			sourceTree = "<group>";
		};
		18ED2E7126ED7A27005293BD /* Protocols */ = {
			isa = PBXGroup;
			children = (
				18ED2E7226ED7A69005293BD /* DetailModuleProtocols.swift */,
			);
			path = Protocols;
			sourceTree = "<group>";
		};
		668033D1336BC91672AB21A1 /* Frameworks */ = {
			isa = PBXGroup;
			children = (
				18ED2E3E26ED30EF005293BD /* Alamofire.framework */,
				BA422A752C9606FDF9EE1E46 /* Pods_MetaWeather.framework */,
				E1ADC18D1B0CDBFC17D095AE /* Pods_MetaWeather_MetaWeatherUITests.framework */,
				48443368D84469066F09F358 /* Pods_MetaWeatherTests.framework */,
			);
			name = Frameworks;
			sourceTree = "<group>";
		};
		DB238954964FA96D27AEDF6E /* Pods */ = {
			isa = PBXGroup;
			children = (
				ED5C0D22E6B85D02DFAF7E9B /* Pods-MetaWeather.debug.xcconfig */,
				506AA477AB8BFD8CD8C614ED /* Pods-MetaWeather.release.xcconfig */,
				6C8A5A5AA188B9E00F2457B2 /* Pods-MetaWeather-MetaWeatherUITests.debug.xcconfig */,
				3930183E2FFB49025A0EE5D6 /* Pods-MetaWeather-MetaWeatherUITests.release.xcconfig */,
				A75251224A2B891B5F0FA04A /* Pods-MetaWeatherTests.debug.xcconfig */,
				B4E46612DFABCA4496804BF4 /* Pods-MetaWeatherTests.release.xcconfig */,
			);
			path = Pods;
			sourceTree = "<group>";
		};
/* End PBXGroup section */

/* Begin PBXNativeTarget section */
		1881F56C26ED1E4200B175D0 /* MetaWeather */ = {
			isa = PBXNativeTarget;
			buildConfigurationList = 1881F59726ED1E4D00B175D0 /* Build configuration list for PBXNativeTarget "MetaWeather" */;
			buildPhases = (
				02C879D7A845D5E1D0C7F48C /* [CP] Check Pods Manifest.lock */,
				1881F56926ED1E4200B175D0 /* Sources */,
				1881F56A26ED1E4200B175D0 /* Frameworks */,
				1881F56B26ED1E4200B175D0 /* Resources */,
				7F5D987354590C4EFC33D3A1 /* [CP] Embed Pods Frameworks */,
			);
			buildRules = (
			);
			dependencies = (
			);
			name = MetaWeather;
			productName = MetaWeather;
			productReference = 1881F56D26ED1E4200B175D0 /* MetaWeather.app */;
			productType = "com.apple.product-type.application";
		};
		1881F58226ED1E4D00B175D0 /* MetaWeatherTests */ = {
			isa = PBXNativeTarget;
			buildConfigurationList = 1881F59A26ED1E4D00B175D0 /* Build configuration list for PBXNativeTarget "MetaWeatherTests" */;
			buildPhases = (
				489D0D8FF5CC07646BF5FB3C /* [CP] Check Pods Manifest.lock */,
				1881F57F26ED1E4D00B175D0 /* Sources */,
				1881F58026ED1E4D00B175D0 /* Frameworks */,
				1881F58126ED1E4D00B175D0 /* Resources */,
			);
			buildRules = (
			);
			dependencies = (
				1881F58526ED1E4D00B175D0 /* PBXTargetDependency */,
			);
			name = MetaWeatherTests;
			productName = MetaWeatherTests;
			productReference = 1881F58326ED1E4D00B175D0 /* MetaWeatherTests.xctest */;
			productType = "com.apple.product-type.bundle.unit-test";
		};
		1881F58D26ED1E4D00B175D0 /* MetaWeatherUITests */ = {
			isa = PBXNativeTarget;
			buildConfigurationList = 1881F59D26ED1E4D00B175D0 /* Build configuration list for PBXNativeTarget "MetaWeatherUITests" */;
			buildPhases = (
				885BEC28F42B2BD888955610 /* [CP] Check Pods Manifest.lock */,
				1881F58A26ED1E4D00B175D0 /* Sources */,
				1881F58B26ED1E4D00B175D0 /* Frameworks */,
				1881F58C26ED1E4D00B175D0 /* Resources */,
				B0383441106349CA22C80A71 /* [CP] Embed Pods Frameworks */,
			);
			buildRules = (
			);
			dependencies = (
				1881F59026ED1E4D00B175D0 /* PBXTargetDependency */,
			);
			name = MetaWeatherUITests;
			productName = MetaWeatherUITests;
			productReference = 1881F58E26ED1E4D00B175D0 /* MetaWeatherUITests.xctest */;
			productType = "com.apple.product-type.bundle.ui-testing";
		};
/* End PBXNativeTarget section */

/* Begin PBXProject section */
		1881F56526ED1E4200B175D0 /* Project object */ = {
			isa = PBXProject;
			attributes = {
				LastSwiftUpdateCheck = 1250;
				LastUpgradeCheck = 1250;
				TargetAttributes = {
					1881F56C26ED1E4200B175D0 = {
						CreatedOnToolsVersion = 12.5.1;
					};
					1881F58226ED1E4D00B175D0 = {
						CreatedOnToolsVersion = 12.5.1;
						TestTargetID = 1881F56C26ED1E4200B175D0;
					};
					1881F58D26ED1E4D00B175D0 = {
						CreatedOnToolsVersion = 12.5.1;
						TestTargetID = 1881F56C26ED1E4200B175D0;
					};
				};
			};
			buildConfigurationList = 1881F56826ED1E4200B175D0 /* Build configuration list for PBXProject "MetaWeather" */;
			compatibilityVersion = "Xcode 9.3";
			developmentRegion = en;
			hasScannedForEncodings = 0;
			knownRegions = (
				en,
				Base,
			);
			mainGroup = 1881F56426ED1E4200B175D0;
			productRefGroup = 1881F56E26ED1E4200B175D0 /* Products */;
			projectDirPath = "";
			projectRoot = "";
			targets = (
				1881F56C26ED1E4200B175D0 /* MetaWeather */,
				1881F58226ED1E4D00B175D0 /* MetaWeatherTests */,
				1881F58D26ED1E4D00B175D0 /* MetaWeatherUITests */,
			);
		};
/* End PBXProject section */

/* Begin PBXResourcesBuildPhase section */
		1881F56B26ED1E4200B175D0 /* Resources */ = {
			isa = PBXResourcesBuildPhase;
			buildActionMask = 2147483647;
			files = (
				18ED2E7726ED7DDF005293BD /* DetailLocationViewController.xib in Resources */,
				181A680126EEFB470048F742 /* DetailLocationTableViewCell.xib in Resources */,
				181A67FC26EEF78B0048F742 /* SearchLocationsTableViewCell.xib in Resources */,
				1881F57D26ED1E4C00B175D0 /* LaunchScreen.storyboard in Resources */,
				18ED2E5626ED4D47005293BD /* SearchLocationsViewController.xib in Resources */,
				1881F57A26ED1E4C00B175D0 /* Assets.xcassets in Resources */,
			);
			runOnlyForDeploymentPostprocessing = 0;
		};
		1881F58126ED1E4D00B175D0 /* Resources */ = {
			isa = PBXResourcesBuildPhase;
			buildActionMask = 2147483647;
			files = (
			);
			runOnlyForDeploymentPostprocessing = 0;
		};
		1881F58C26ED1E4D00B175D0 /* Resources */ = {
			isa = PBXResourcesBuildPhase;
			buildActionMask = 2147483647;
			files = (
			);
			runOnlyForDeploymentPostprocessing = 0;
		};
/* End PBXResourcesBuildPhase section */

/* Begin PBXShellScriptBuildPhase section */
		02C879D7A845D5E1D0C7F48C /* [CP] Check Pods Manifest.lock */ = {
			isa = PBXShellScriptBuildPhase;
			buildActionMask = 2147483647;
			files = (
			);
			inputFileListPaths = (
			);
			inputPaths = (
				"${PODS_PODFILE_DIR_PATH}/Podfile.lock",
				"${PODS_ROOT}/Manifest.lock",
			);
			name = "[CP] Check Pods Manifest.lock";
			outputFileListPaths = (
			);
			outputPaths = (
				"$(DERIVED_FILE_DIR)/Pods-MetaWeather-checkManifestLockResult.txt",
			);
			runOnlyForDeploymentPostprocessing = 0;
			shellPath = /bin/sh;
			shellScript = "diff \"${PODS_PODFILE_DIR_PATH}/Podfile.lock\" \"${PODS_ROOT}/Manifest.lock\" > /dev/null\nif [ $? != 0 ] ; then\n    # print error to STDERR\n    echo \"error: The sandbox is not in sync with the Podfile.lock. Run 'pod install' or update your CocoaPods installation.\" >&2\n    exit 1\nfi\n# This output is used by Xcode 'outputs' to avoid re-running this script phase.\necho \"SUCCESS\" > \"${SCRIPT_OUTPUT_FILE_0}\"\n";
			showEnvVarsInLog = 0;
		};
		489D0D8FF5CC07646BF5FB3C /* [CP] Check Pods Manifest.lock */ = {
			isa = PBXShellScriptBuildPhase;
			buildActionMask = 2147483647;
			files = (
			);
			inputFileListPaths = (
			);
			inputPaths = (
				"${PODS_PODFILE_DIR_PATH}/Podfile.lock",
				"${PODS_ROOT}/Manifest.lock",
			);
			name = "[CP] Check Pods Manifest.lock";
			outputFileListPaths = (
			);
			outputPaths = (
				"$(DERIVED_FILE_DIR)/Pods-MetaWeatherTests-checkManifestLockResult.txt",
			);
			runOnlyForDeploymentPostprocessing = 0;
			shellPath = /bin/sh;
			shellScript = "diff \"${PODS_PODFILE_DIR_PATH}/Podfile.lock\" \"${PODS_ROOT}/Manifest.lock\" > /dev/null\nif [ $? != 0 ] ; then\n    # print error to STDERR\n    echo \"error: The sandbox is not in sync with the Podfile.lock. Run 'pod install' or update your CocoaPods installation.\" >&2\n    exit 1\nfi\n# This output is used by Xcode 'outputs' to avoid re-running this script phase.\necho \"SUCCESS\" > \"${SCRIPT_OUTPUT_FILE_0}\"\n";
			showEnvVarsInLog = 0;
		};
		7F5D987354590C4EFC33D3A1 /* [CP] Embed Pods Frameworks */ = {
			isa = PBXShellScriptBuildPhase;
			buildActionMask = 2147483647;
			files = (
			);
			inputFileListPaths = (
				"${PODS_ROOT}/Target Support Files/Pods-MetaWeather/Pods-MetaWeather-frameworks-${CONFIGURATION}-input-files.xcfilelist",
			);
			name = "[CP] Embed Pods Frameworks";
			outputFileListPaths = (
				"${PODS_ROOT}/Target Support Files/Pods-MetaWeather/Pods-MetaWeather-frameworks-${CONFIGURATION}-output-files.xcfilelist",
			);
			runOnlyForDeploymentPostprocessing = 0;
			shellPath = /bin/sh;
			shellScript = "\"${PODS_ROOT}/Target Support Files/Pods-MetaWeather/Pods-MetaWeather-frameworks.sh\"\n";
			showEnvVarsInLog = 0;
		};
		885BEC28F42B2BD888955610 /* [CP] Check Pods Manifest.lock */ = {
			isa = PBXShellScriptBuildPhase;
			buildActionMask = 2147483647;
			files = (
			);
			inputFileListPaths = (
			);
			inputPaths = (
				"${PODS_PODFILE_DIR_PATH}/Podfile.lock",
				"${PODS_ROOT}/Manifest.lock",
			);
			name = "[CP] Check Pods Manifest.lock";
			outputFileListPaths = (
			);
			outputPaths = (
				"$(DERIVED_FILE_DIR)/Pods-MetaWeather-MetaWeatherUITests-checkManifestLockResult.txt",
			);
			runOnlyForDeploymentPostprocessing = 0;
			shellPath = /bin/sh;
			shellScript = "diff \"${PODS_PODFILE_DIR_PATH}/Podfile.lock\" \"${PODS_ROOT}/Manifest.lock\" > /dev/null\nif [ $? != 0 ] ; then\n    # print error to STDERR\n    echo \"error: The sandbox is not in sync with the Podfile.lock. Run 'pod install' or update your CocoaPods installation.\" >&2\n    exit 1\nfi\n# This output is used by Xcode 'outputs' to avoid re-running this script phase.\necho \"SUCCESS\" > \"${SCRIPT_OUTPUT_FILE_0}\"\n";
			showEnvVarsInLog = 0;
		};
		B0383441106349CA22C80A71 /* [CP] Embed Pods Frameworks */ = {
			isa = PBXShellScriptBuildPhase;
			buildActionMask = 2147483647;
			files = (
			);
			inputFileListPaths = (
				"${PODS_ROOT}/Target Support Files/Pods-MetaWeather-MetaWeatherUITests/Pods-MetaWeather-MetaWeatherUITests-frameworks-${CONFIGURATION}-input-files.xcfilelist",
			);
			name = "[CP] Embed Pods Frameworks";
			outputFileListPaths = (
				"${PODS_ROOT}/Target Support Files/Pods-MetaWeather-MetaWeatherUITests/Pods-MetaWeather-MetaWeatherUITests-frameworks-${CONFIGURATION}-output-files.xcfilelist",
			);
			runOnlyForDeploymentPostprocessing = 0;
			shellPath = /bin/sh;
			shellScript = "\"${PODS_ROOT}/Target Support Files/Pods-MetaWeather-MetaWeatherUITests/Pods-MetaWeather-MetaWeatherUITests-frameworks.sh\"\n";
			showEnvVarsInLog = 0;
		};
/* End PBXShellScriptBuildPhase section */

/* Begin PBXSourcesBuildPhase section */
		1881F56926ED1E4200B175D0 /* Sources */ = {
			isa = PBXSourcesBuildPhase;
			buildActionMask = 2147483647;
			files = (
				186EE1D726ED2F6E0095A06E /* BaseService.swift in Sources */,
				18ED2E6726ED78E0005293BD /* DetailLocationWeatherService.swift in Sources */,
				18ED2E5026ED48F6005293BD /* SearchLocationInteractor.swift in Sources */,
				18ED2E7926ED7E1E005293BD /* DetailLocationPresenter.swift in Sources */,
				18ED2E4526ED3D6D005293BD /* LocationEntity.swift in Sources */,
				18ED2E6226ED77B5005293BD /* UITableView+Extensions.swift in Sources */,
				18ED2E4726ED3E4C005293BD /* LocationDayWatherEntity.swift in Sources */,
				18ED2E6526ED78B2005293BD /* DetailLocationWeatherEndPoint.swift in Sources */,
				18ED2E5226ED4915005293BD /* SearchLocationProtocols.swift in Sources */,
				18ED2E7D26ED841C005293BD /* DetailLocationRouter.swift in Sources */,
				18ED2E4B26ED4483005293BD /* SearchLocationEndPoint.swift in Sources */,
				18ED2E7B26ED7F7A005293BD /* DetailLocationInteractor.swift in Sources */,
				18ED2E5526ED4D47005293BD /* SearchLocationsViewController.swift in Sources */,
				18ED2E4926ED3FE7005293BD /* ConsolidateWeatherEntity.swift in Sources */,
				18ED2E7326ED7A69005293BD /* DetailModuleProtocols.swift in Sources */,
				18ED2E4E26ED469B005293BD /* SearchLocationService.swift in Sources */,
				18ED2E4326ED31B1005293BD /* NetworkConstants.swift in Sources */,
				181A680026EEFB470048F742 /* DetailLocationTableViewCell.swift in Sources */,
				18ED2E5A26ED4E89005293BD /* SearchLocationsRouter.swift in Sources */,
				18ED2E7626ED7DDF005293BD /* DetailLocationViewController.swift in Sources */,
				18ED2E5826ED4DC2005293BD /* SearchLocationsPresenter.swift in Sources */,
				1881F57126ED1E4200B175D0 /* AppDelegate.swift in Sources */,
				1881F57326ED1E4200B175D0 /* SceneDelegate.swift in Sources */,
				181A67FB26EEF78B0048F742 /* SearchLocationsTableViewCell.swift in Sources */,
			);
			runOnlyForDeploymentPostprocessing = 0;
		};
		1881F57F26ED1E4D00B175D0 /* Sources */ = {
			isa = PBXSourcesBuildPhase;
			buildActionMask = 2147483647;
			files = (
				1881F58826ED1E4D00B175D0 /* MetaWeatherTests.swift in Sources */,
			);
			runOnlyForDeploymentPostprocessing = 0;
		};
		1881F58A26ED1E4D00B175D0 /* Sources */ = {
			isa = PBXSourcesBuildPhase;
			buildActionMask = 2147483647;
			files = (
				1881F59326ED1E4D00B175D0 /* MetaWeatherUITests.swift in Sources */,
			);
			runOnlyForDeploymentPostprocessing = 0;
		};
/* End PBXSourcesBuildPhase section */

/* Begin PBXTargetDependency section */
		1881F58526ED1E4D00B175D0 /* PBXTargetDependency */ = {
			isa = PBXTargetDependency;
			target = 1881F56C26ED1E4200B175D0 /* MetaWeather */;
			targetProxy = 1881F58426ED1E4D00B175D0 /* PBXContainerItemProxy */;
		};
		1881F59026ED1E4D00B175D0 /* PBXTargetDependency */ = {
			isa = PBXTargetDependency;
			target = 1881F56C26ED1E4200B175D0 /* MetaWeather */;
			targetProxy = 1881F58F26ED1E4D00B175D0 /* PBXContainerItemProxy */;
		};
/* End PBXTargetDependency section */

/* Begin PBXVariantGroup section */
		1881F57B26ED1E4C00B175D0 /* LaunchScreen.storyboard */ = {
			isa = PBXVariantGroup;
			children = (
				1881F57C26ED1E4C00B175D0 /* Base */,
			);
			name = LaunchScreen.storyboard;
			sourceTree = "<group>";
		};
/* End PBXVariantGroup section */

/* Begin XCBuildConfiguration section */
		1881F59526ED1E4D00B175D0 /* Debug */ = {
			isa = XCBuildConfiguration;
			buildSettings = {
				ALWAYS_SEARCH_USER_PATHS = NO;
				CLANG_ANALYZER_NONNULL = YES;
				CLANG_ANALYZER_NUMBER_OBJECT_CONVERSION = YES_AGGRESSIVE;
				CLANG_CXX_LANGUAGE_STANDARD = "gnu++14";
				CLANG_CXX_LIBRARY = "libc++";
				CLANG_ENABLE_MODULES = YES;
				CLANG_ENABLE_OBJC_ARC = YES;
				CLANG_ENABLE_OBJC_WEAK = YES;
				CLANG_WARN_BLOCK_CAPTURE_AUTORELEASING = YES;
				CLANG_WARN_BOOL_CONVERSION = YES;
				CLANG_WARN_COMMA = YES;
				CLANG_WARN_CONSTANT_CONVERSION = YES;
				CLANG_WARN_DEPRECATED_OBJC_IMPLEMENTATIONS = YES;
				CLANG_WARN_DIRECT_OBJC_ISA_USAGE = YES_ERROR;
				CLANG_WARN_DOCUMENTATION_COMMENTS = YES;
				CLANG_WARN_EMPTY_BODY = YES;
				CLANG_WARN_ENUM_CONVERSION = YES;
				CLANG_WARN_INFINITE_RECURSION = YES;
				CLANG_WARN_INT_CONVERSION = YES;
				CLANG_WARN_NON_LITERAL_NULL_CONVERSION = YES;
				CLANG_WARN_OBJC_IMPLICIT_RETAIN_SELF = YES;
				CLANG_WARN_OBJC_LITERAL_CONVERSION = YES;
				CLANG_WARN_OBJC_ROOT_CLASS = YES_ERROR;
				CLANG_WARN_QUOTED_INCLUDE_IN_FRAMEWORK_HEADER = YES;
				CLANG_WARN_RANGE_LOOP_ANALYSIS = YES;
				CLANG_WARN_STRICT_PROTOTYPES = YES;
				CLANG_WARN_SUSPICIOUS_MOVE = YES;
				CLANG_WARN_UNGUARDED_AVAILABILITY = YES_AGGRESSIVE;
				CLANG_WARN_UNREACHABLE_CODE = YES;
				CLANG_WARN__DUPLICATE_METHOD_MATCH = YES;
				COPY_PHASE_STRIP = NO;
				DEBUG_INFORMATION_FORMAT = dwarf;
				ENABLE_STRICT_OBJC_MSGSEND = YES;
				ENABLE_TESTABILITY = YES;
				GCC_C_LANGUAGE_STANDARD = gnu11;
				GCC_DYNAMIC_NO_PIC = NO;
				GCC_NO_COMMON_BLOCKS = YES;
				GCC_OPTIMIZATION_LEVEL = 0;
				GCC_PREPROCESSOR_DEFINITIONS = (
					"DEBUG=1",
					"$(inherited)",
				);
				GCC_WARN_64_TO_32_BIT_CONVERSION = YES;
				GCC_WARN_ABOUT_RETURN_TYPE = YES_ERROR;
				GCC_WARN_UNDECLARED_SELECTOR = YES;
				GCC_WARN_UNINITIALIZED_AUTOS = YES_AGGRESSIVE;
				GCC_WARN_UNUSED_FUNCTION = YES;
				GCC_WARN_UNUSED_VARIABLE = YES;
				IPHONEOS_DEPLOYMENT_TARGET = 14.5;
				MTL_ENABLE_DEBUG_INFO = INCLUDE_SOURCE;
				MTL_FAST_MATH = YES;
				ONLY_ACTIVE_ARCH = YES;
				SDKROOT = iphoneos;
				SWIFT_ACTIVE_COMPILATION_CONDITIONS = DEBUG;
				SWIFT_OPTIMIZATION_LEVEL = "-Onone";
			};
			name = Debug;
		};
		1881F59626ED1E4D00B175D0 /* Release */ = {
			isa = XCBuildConfiguration;
			buildSettings = {
				ALWAYS_SEARCH_USER_PATHS = NO;
				CLANG_ANALYZER_NONNULL = YES;
				CLANG_ANALYZER_NUMBER_OBJECT_CONVERSION = YES_AGGRESSIVE;
				CLANG_CXX_LANGUAGE_STANDARD = "gnu++14";
				CLANG_CXX_LIBRARY = "libc++";
				CLANG_ENABLE_MODULES = YES;
				CLANG_ENABLE_OBJC_ARC = YES;
				CLANG_ENABLE_OBJC_WEAK = YES;
				CLANG_WARN_BLOCK_CAPTURE_AUTORELEASING = YES;
				CLANG_WARN_BOOL_CONVERSION = YES;
				CLANG_WARN_COMMA = YES;
				CLANG_WARN_CONSTANT_CONVERSION = YES;
				CLANG_WARN_DEPRECATED_OBJC_IMPLEMENTATIONS = YES;
				CLANG_WARN_DIRECT_OBJC_ISA_USAGE = YES_ERROR;
				CLANG_WARN_DOCUMENTATION_COMMENTS = YES;
				CLANG_WARN_EMPTY_BODY = YES;
				CLANG_WARN_ENUM_CONVERSION = YES;
				CLANG_WARN_INFINITE_RECURSION = YES;
				CLANG_WARN_INT_CONVERSION = YES;
				CLANG_WARN_NON_LITERAL_NULL_CONVERSION = YES;
				CLANG_WARN_OBJC_IMPLICIT_RETAIN_SELF = YES;
				CLANG_WARN_OBJC_LITERAL_CONVERSION = YES;
				CLANG_WARN_OBJC_ROOT_CLASS = YES_ERROR;
				CLANG_WARN_QUOTED_INCLUDE_IN_FRAMEWORK_HEADER = YES;
				CLANG_WARN_RANGE_LOOP_ANALYSIS = YES;
				CLANG_WARN_STRICT_PROTOTYPES = YES;
				CLANG_WARN_SUSPICIOUS_MOVE = YES;
				CLANG_WARN_UNGUARDED_AVAILABILITY = YES_AGGRESSIVE;
				CLANG_WARN_UNREACHABLE_CODE = YES;
				CLANG_WARN__DUPLICATE_METHOD_MATCH = YES;
				COPY_PHASE_STRIP = NO;
				DEBUG_INFORMATION_FORMAT = "dwarf-with-dsym";
				ENABLE_NS_ASSERTIONS = NO;
				ENABLE_STRICT_OBJC_MSGSEND = YES;
				GCC_C_LANGUAGE_STANDARD = gnu11;
				GCC_NO_COMMON_BLOCKS = YES;
				GCC_WARN_64_TO_32_BIT_CONVERSION = YES;
				GCC_WARN_ABOUT_RETURN_TYPE = YES_ERROR;
				GCC_WARN_UNDECLARED_SELECTOR = YES;
				GCC_WARN_UNINITIALIZED_AUTOS = YES_AGGRESSIVE;
				GCC_WARN_UNUSED_FUNCTION = YES;
				GCC_WARN_UNUSED_VARIABLE = YES;
				IPHONEOS_DEPLOYMENT_TARGET = 14.5;
				MTL_ENABLE_DEBUG_INFO = NO;
				MTL_FAST_MATH = YES;
				SDKROOT = iphoneos;
				SWIFT_COMPILATION_MODE = wholemodule;
				SWIFT_OPTIMIZATION_LEVEL = "-O";
				VALIDATE_PRODUCT = YES;
			};
			name = Release;
		};
		1881F59826ED1E4D00B175D0 /* Debug */ = {
			isa = XCBuildConfiguration;
			baseConfigurationReference = ED5C0D22E6B85D02DFAF7E9B /* Pods-MetaWeather.debug.xcconfig */;
			buildSettings = {
				ASSETCATALOG_COMPILER_APPICON_NAME = AppIcon;
				ASSETCATALOG_COMPILER_GLOBAL_ACCENT_COLOR_NAME = AccentColor;
				CODE_SIGN_STYLE = Automatic;
				INFOPLIST_FILE = MetaWeather/Info.plist;
				LD_RUNPATH_SEARCH_PATHS = (
					"$(inherited)",
					"@executable_path/Frameworks",
				);
				PRODUCT_BUNDLE_IDENTIFIER = com.carolina.MetaWeather;
				PRODUCT_NAME = "$(TARGET_NAME)";
				SWIFT_VERSION = 5.0;
				TARGETED_DEVICE_FAMILY = "1,2";
			};
			name = Debug;
		};
		1881F59926ED1E4D00B175D0 /* Release */ = {
			isa = XCBuildConfiguration;
			baseConfigurationReference = 506AA477AB8BFD8CD8C614ED /* Pods-MetaWeather.release.xcconfig */;
			buildSettings = {
				ASSETCATALOG_COMPILER_APPICON_NAME = AppIcon;
				ASSETCATALOG_COMPILER_GLOBAL_ACCENT_COLOR_NAME = AccentColor;
				CODE_SIGN_STYLE = Automatic;
				INFOPLIST_FILE = MetaWeather/Info.plist;
				LD_RUNPATH_SEARCH_PATHS = (
					"$(inherited)",
					"@executable_path/Frameworks",
				);
				PRODUCT_BUNDLE_IDENTIFIER = com.carolina.MetaWeather;
				PRODUCT_NAME = "$(TARGET_NAME)";
				SWIFT_VERSION = 5.0;
				TARGETED_DEVICE_FAMILY = "1,2";
			};
			name = Release;
		};
		1881F59B26ED1E4D00B175D0 /* Debug */ = {
			isa = XCBuildConfiguration;
			baseConfigurationReference = A75251224A2B891B5F0FA04A /* Pods-MetaWeatherTests.debug.xcconfig */;
			buildSettings = {
				ALWAYS_EMBED_SWIFT_STANDARD_LIBRARIES = YES;
				BUNDLE_LOADER = "$(TEST_HOST)";
				CODE_SIGN_STYLE = Automatic;
				INFOPLIST_FILE = MetaWeatherTests/Info.plist;
				IPHONEOS_DEPLOYMENT_TARGET = 14.5;
				LD_RUNPATH_SEARCH_PATHS = (
					"$(inherited)",
					"@executable_path/Frameworks",
					"@loader_path/Frameworks",
				);
				PRODUCT_BUNDLE_IDENTIFIER = com.carolina.MetaWeatherTests;
				PRODUCT_NAME = "$(TARGET_NAME)";
				SWIFT_VERSION = 5.0;
				TARGETED_DEVICE_FAMILY = "1,2";
				TEST_HOST = "$(BUILT_PRODUCTS_DIR)/MetaWeather.app/MetaWeather";
			};
			name = Debug;
		};
		1881F59C26ED1E4D00B175D0 /* Release */ = {
			isa = XCBuildConfiguration;
			baseConfigurationReference = B4E46612DFABCA4496804BF4 /* Pods-MetaWeatherTests.release.xcconfig */;
			buildSettings = {
				ALWAYS_EMBED_SWIFT_STANDARD_LIBRARIES = YES;
				BUNDLE_LOADER = "$(TEST_HOST)";
				CODE_SIGN_STYLE = Automatic;
				INFOPLIST_FILE = MetaWeatherTests/Info.plist;
				IPHONEOS_DEPLOYMENT_TARGET = 14.5;
				LD_RUNPATH_SEARCH_PATHS = (
					"$(inherited)",
					"@executable_path/Frameworks",
					"@loader_path/Frameworks",
				);
				PRODUCT_BUNDLE_IDENTIFIER = com.carolina.MetaWeatherTests;
				PRODUCT_NAME = "$(TARGET_NAME)";
				SWIFT_VERSION = 5.0;
				TARGETED_DEVICE_FAMILY = "1,2";
				TEST_HOST = "$(BUILT_PRODUCTS_DIR)/MetaWeather.app/MetaWeather";
			};
			name = Release;
		};
		1881F59E26ED1E4D00B175D0 /* Debug */ = {
			isa = XCBuildConfiguration;
			baseConfigurationReference = 6C8A5A5AA188B9E00F2457B2 /* Pods-MetaWeather-MetaWeatherUITests.debug.xcconfig */;
			buildSettings = {
				ALWAYS_EMBED_SWIFT_STANDARD_LIBRARIES = YES;
				CODE_SIGN_STYLE = Automatic;
				INFOPLIST_FILE = MetaWeatherUITests/Info.plist;
				LD_RUNPATH_SEARCH_PATHS = (
					"$(inherited)",
					"@executable_path/Frameworks",
					"@loader_path/Frameworks",
				);
				PRODUCT_BUNDLE_IDENTIFIER = com.carolina.MetaWeatherUITests;
				PRODUCT_NAME = "$(TARGET_NAME)";
				SWIFT_VERSION = 5.0;
				TARGETED_DEVICE_FAMILY = "1,2";
				TEST_TARGET_NAME = MetaWeather;
			};
			name = Debug;
		};
		1881F59F26ED1E4D00B175D0 /* Release */ = {
			isa = XCBuildConfiguration;
			baseConfigurationReference = 3930183E2FFB49025A0EE5D6 /* Pods-MetaWeather-MetaWeatherUITests.release.xcconfig */;
			buildSettings = {
				ALWAYS_EMBED_SWIFT_STANDARD_LIBRARIES = YES;
				CODE_SIGN_STYLE = Automatic;
				INFOPLIST_FILE = MetaWeatherUITests/Info.plist;
				LD_RUNPATH_SEARCH_PATHS = (
					"$(inherited)",
					"@executable_path/Frameworks",
					"@loader_path/Frameworks",
				);
				PRODUCT_BUNDLE_IDENTIFIER = com.carolina.MetaWeatherUITests;
				PRODUCT_NAME = "$(TARGET_NAME)";
				SWIFT_VERSION = 5.0;
				TARGETED_DEVICE_FAMILY = "1,2";
				TEST_TARGET_NAME = MetaWeather;
			};
			name = Release;
		};
/* End XCBuildConfiguration section */

/* Begin XCConfigurationList section */
		1881F56826ED1E4200B175D0 /* Build configuration list for PBXProject "MetaWeather" */ = {
			isa = XCConfigurationList;
			buildConfigurations = (
				1881F59526ED1E4D00B175D0 /* Debug */,
				1881F59626ED1E4D00B175D0 /* Release */,
			);
			defaultConfigurationIsVisible = 0;
			defaultConfigurationName = Release;
		};
		1881F59726ED1E4D00B175D0 /* Build configuration list for PBXNativeTarget "MetaWeather" */ = {
			isa = XCConfigurationList;
			buildConfigurations = (
				1881F59826ED1E4D00B175D0 /* Debug */,
				1881F59926ED1E4D00B175D0 /* Release */,
			);
			defaultConfigurationIsVisible = 0;
			defaultConfigurationName = Release;
		};
		1881F59A26ED1E4D00B175D0 /* Build configuration list for PBXNativeTarget "MetaWeatherTests" */ = {
			isa = XCConfigurationList;
			buildConfigurations = (
				1881F59B26ED1E4D00B175D0 /* Debug */,
				1881F59C26ED1E4D00B175D0 /* Release */,
			);
			defaultConfigurationIsVisible = 0;
			defaultConfigurationName = Release;
		};
		1881F59D26ED1E4D00B175D0 /* Build configuration list for PBXNativeTarget "MetaWeatherUITests" */ = {
			isa = XCConfigurationList;
			buildConfigurations = (
				1881F59E26ED1E4D00B175D0 /* Debug */,
				1881F59F26ED1E4D00B175D0 /* Release */,
			);
			defaultConfigurationIsVisible = 0;
			defaultConfigurationName = Release;
		};
/* End XCConfigurationList section */
	};
	rootObject = 1881F56526ED1E4200B175D0 /* Project object */;
}
