// !$*UTF8*$!
{
	archiveVersion = 1;
	classes = {
	};
	objectVersion = 50;
	objects = {

/* Begin PBXBuildFile section */
		1881F57126ED1E4200B175D0 /* AppDelegate.swift in Sources */ = {isa = PBXBuildFile; fileRef = 1881F57026ED1E4200B175D0 /* AppDelegate.swift */; };
		1881F57326ED1E4200B175D0 /* SceneDelegate.swift in Sources */ = {isa = PBXBuildFile; fileRef = 1881F57226ED1E4200B175D0 /* SceneDelegate.swift */; };
		1881F57526ED1E4200B175D0 /* ViewController.swift in Sources */ = {isa = PBXBuildFile; fileRef = 1881F57426ED1E4200B175D0 /* ViewController.swift */; };
		1881F57826ED1E4200B175D0 /* Main.storyboard in Resources */ = {isa = PBXBuildFile; fileRef = 1881F57626ED1E4200B175D0 /* Main.storyboard */; };
		1881F57A26ED1E4C00B175D0 /* Assets.xcassets in Resources */ = {isa = PBXBuildFile; fileRef = 1881F57926ED1E4C00B175D0 /* Assets.xcassets */; };
		1881F57D26ED1E4C00B175D0 /* LaunchScreen.storyboard in Resources */ = {isa = PBXBuildFile; fileRef = 1881F57B26ED1E4C00B175D0 /* LaunchScreen.storyboard */; };
		1881F58826ED1E4D00B175D0 /* MetaWeatherTests.swift in Sources */ = {isa = PBXBuildFile; fileRef = 1881F58726ED1E4D00B175D0 /* MetaWeatherTests.swift */; };
		1881F59326ED1E4D00B175D0 /* MetaWeatherUITests.swift in Sources */ = {isa = PBXBuildFile; fileRef = 1881F59226ED1E4D00B175D0 /* MetaWeatherUITests.swift */; };
/* End PBXBuildFile section */

/* Begin PBXContainerItemProxy section */
		1881F58426ED1E4D00B175D0 /* PBXContainerItemProxy */ = {
			isa = PBXContainerItemProxy;
			containerPortal = 1881F56526ED1E4200B175D0 /* Project object */;
			proxyType = 1;
			remoteGlobalIDString = 1881F56C26ED1E4200B175D0;
			remoteInfo = MetaWeather;
		};
		1881F58F26ED1E4D00B175D0 /* PBXContainerItemProxy */ = {
			isa = PBXContainerItemProxy;
			containerPortal = 1881F56526ED1E4200B175D0 /* Project object */;
			proxyType = 1;
			remoteGlobalIDString = 1881F56C26ED1E4200B175D0;
			remoteInfo = MetaWeather;
		};
/* End PBXContainerItemProxy section */

/* Begin PBXFileReference section */
		1881F56D26ED1E4200B175D0 /* MetaWeather.app */ = {isa = PBXFileReference; explicitFileType = wrapper.application; includeInIndex = 0; path = MetaWeather.app; sourceTree = BUILT_PRODUCTS_DIR; };
		1881F57026ED1E4200B175D0 /* AppDelegate.swift */ = {isa = PBXFileReference; lastKnownFileType = sourcecode.swift; path = AppDelegate.swift; sourceTree = "<group>"; };
		1881F57226ED1E4200B175D0 /* SceneDelegate.swift */ = {isa = PBXFileReference; lastKnownFileType = sourcecode.swift; path = SceneDelegate.swift; sourceTree = "<group>"; };
		1881F57426ED1E4200B175D0 /* ViewController.swift */ = {isa = PBXFileReference; lastKnownFileType = sourcecode.swift; path = ViewController.swift; sourceTree = "<group>"; };
		1881F57726ED1E4200B175D0 /* Base */ = {isa = PBXFileReference; lastKnownFileType = file.storyboard; name = Base; path = Base.lproj/Main.storyboard; sourceTree = "<group>"; };
		1881F57926ED1E4C00B175D0 /* Assets.xcassets */ = {isa = PBXFileReference; lastKnownFileType = folder.assetcatalog; path = Assets.xcassets; sourceTree = "<group>"; };
		1881F57C26ED1E4C00B175D0 /* Base */ = {isa = PBXFileReference; lastKnownFileType = file.storyboard; name = Base; path = Base.lproj/LaunchScreen.storyboard; sourceTree = "<group>"; };
		1881F57E26ED1E4C00B175D0 /* Info.plist */ = {isa = PBXFileReference; lastKnownFileType = text.plist.xml; path = Info.plist; sourceTree = "<group>"; };
		1881F58326ED1E4D00B175D0 /* MetaWeatherTests.xctest */ = {isa = PBXFileReference; explicitFileType = wrapper.cfbundle; includeInIndex = 0; path = MetaWeatherTests.xctest; sourceTree = BUILT_PRODUCTS_DIR; };
		1881F58726ED1E4D00B175D0 /* MetaWeatherTests.swift */ = {isa = PBXFileReference; lastKnownFileType = sourcecode.swift; path = MetaWeatherTests.swift; sourceTree = "<group>"; };
		1881F58926ED1E4D00B175D0 /* Info.plist */ = {isa = PBXFileReference; lastKnownFileType = text.plist.xml; path = Info.plist; sourceTree = "<group>"; };
		1881F58E26ED1E4D00B175D0 /* MetaWeatherUITests.xctest */ = {isa = PBXFileReference; explicitFileType = wrapper.cfbundle; includeInIndex = 0; path = MetaWeatherUITests.xctest; sourceTree = BUILT_PRODUCTS_DIR; };
		1881F59226ED1E4D00B175D0 /* MetaWeatherUITests.swift */ = {isa = PBXFileReference; lastKnownFileType = sourcecode.swift; path = MetaWeatherUITests.swift; sourceTree = "<group>"; };
		1881F59426ED1E4D00B175D0 /* Info.plist */ = {isa = PBXFileReference; lastKnownFileType = text.plist.xml; path = Info.plist; sourceTree = "<group>"; };
/* End PBXFileReference section */

/* Begin PBXFrameworksBuildPhase section */
		1881F56A26ED1E4200B175D0 /* Frameworks */ = {
			isa = PBXFrameworksBuildPhase;
			buildActionMask = 2147483647;
			files = (
			);
			runOnlyForDeploymentPostprocessing = 0;
		};
		1881F58026ED1E4D00B175D0 /* Frameworks */ = {
			isa = PBXFrameworksBuildPhase;
			buildActionMask = 2147483647;
			files = (
			);
			runOnlyForDeploymentPostprocessing = 0;
		};
		1881F58B26ED1E4D00B175D0 /* Frameworks */ = {
			isa = PBXFrameworksBuildPhase;
			buildActionMask = 2147483647;
			files = (
			);
			runOnlyForDeploymentPostprocessing = 0;
		};
/* End PBXFrameworksBuildPhase section */

/* Begin PBXGroup section */
		1881F56426ED1E4200B175D0 = {
			isa = PBXGroup;
			children = (
				1881F56F26ED1E4200B175D0 /* MetaWeather */,
				1881F58626ED1E4D00B175D0 /* MetaWeatherTests */,
				1881F59126ED1E4D00B175D0 /* MetaWeatherUITests */,
				1881F56E26ED1E4200B175D0 /* Products */,
			);
			sourceTree = "<group>";
		};
		1881F56E26ED1E4200B175D0 /* Products */ = {
			isa = PBXGroup;
			children = (
				1881F56D26ED1E4200B175D0 /* MetaWeather.app */,
				1881F58326ED1E4D00B175D0 /* MetaWeatherTests.xctest */,
				1881F58E26ED1E4D00B175D0 /* MetaWeatherUITests.xctest */,
			);
			name = Products;
			sourceTree = "<group>";
		};
		1881F56F26ED1E4200B175D0 /* MetaWeather */ = {
			isa = PBXGroup;
			children = (
				1881F57026ED1E4200B175D0 /* AppDelegate.swift */,
				1881F57226ED1E4200B175D0 /* SceneDelegate.swift */,
				1881F57426ED1E4200B175D0 /* ViewController.swift */,
				1881F57626ED1E4200B175D0 /* Main.storyboard */,
				1881F57926ED1E4C00B175D0 /* Assets.xcassets */,
				1881F57B26ED1E4C00B175D0 /* LaunchScreen.storyboard */,
				1881F57E26ED1E4C00B175D0 /* Info.plist */,
			);
			path = MetaWeather;
			sourceTree = "<group>";
		};
		1881F58626ED1E4D00B175D0 /* MetaWeatherTests */ = {
			isa = PBXGroup;
			children = (
				1881F58726ED1E4D00B175D0 /* MetaWeatherTests.swift */,
				1881F58926ED1E4D00B175D0 /* Info.plist */,
			);
			path = MetaWeatherTests;
			sourceTree = "<group>";
		};
		1881F59126ED1E4D00B175D0 /* MetaWeatherUITests */ = {
			isa = PBXGroup;
			children = (
				1881F59226ED1E4D00B175D0 /* MetaWeatherUITests.swift */,
				1881F59426ED1E4D00B175D0 /* Info.plist */,
			);
			path = MetaWeatherUITests;
			sourceTree = "<group>";
		};
/* End PBXGroup section */

/* Begin PBXNativeTarget section */
		1881F56C26ED1E4200B175D0 /* MetaWeather */ = {
			isa = PBXNativeTarget;
			buildConfigurationList = 1881F59726ED1E4D00B175D0 /* Build configuration list for PBXNativeTarget "MetaWeather" */;
			buildPhases = (
				1881F56926ED1E4200B175D0 /* Sources */,
				1881F56A26ED1E4200B175D0 /* Frameworks */,
				1881F56B26ED1E4200B175D0 /* Resources */,
			);
			buildRules = (
			);
			dependencies = (
			);
			name = MetaWeather;
			productName = MetaWeather;
			productReference = 1881F56D26ED1E4200B175D0 /* MetaWeather.app */;
			productType = "com.apple.product-type.application";
		};
		1881F58226ED1E4D00B175D0 /* MetaWeatherTests */ = {
			isa = PBXNativeTarget;
			buildConfigurationList = 1881F59A26ED1E4D00B175D0 /* Build configuration list for PBXNativeTarget "MetaWeatherTests" */;
			buildPhases = (
				1881F57F26ED1E4D00B175D0 /* Sources */,
				1881F58026ED1E4D00B175D0 /* Frameworks */,
				1881F58126ED1E4D00B175D0 /* Resources */,
			);
			buildRules = (
			);
			dependencies = (
				1881F58526ED1E4D00B175D0 /* PBXTargetDependency */,
			);
			name = MetaWeatherTests;
			productName = MetaWeatherTests;
			productReference = 1881F58326ED1E4D00B175D0 /* MetaWeatherTests.xctest */;
			productType = "com.apple.product-type.bundle.unit-test";
		};
		1881F58D26ED1E4D00B175D0 /* MetaWeatherUITests */ = {
			isa = PBXNativeTarget;
			buildConfigurationList = 1881F59D26ED1E4D00B175D0 /* Build configuration list for PBXNativeTarget "MetaWeatherUITests" */;
			buildPhases = (
				1881F58A26ED1E4D00B175D0 /* Sources */,
				1881F58B26ED1E4D00B175D0 /* Frameworks */,
				1881F58C26ED1E4D00B175D0 /* Resources */,
			);
			buildRules = (
			);
			dependencies = (
				1881F59026ED1E4D00B175D0 /* PBXTargetDependency */,
			);
			name = MetaWeatherUITests;
			productName = MetaWeatherUITests;
			productReference = 1881F58E26ED1E4D00B175D0 /* MetaWeatherUITests.xctest */;
			productType = "com.apple.product-type.bundle.ui-testing";
		};
/* End PBXNativeTarget section */

/* Begin PBXProject section */
		1881F56526ED1E4200B175D0 /* Project object */ = {
			isa = PBXProject;
			attributes = {
				LastSwiftUpdateCheck = 1250;
				LastUpgradeCheck = 1250;
				TargetAttributes = {
					1881F56C26ED1E4200B175D0 = {
						CreatedOnToolsVersion = 12.5.1;
					};
					1881F58226ED1E4D00B175D0 = {
						CreatedOnToolsVersion = 12.5.1;
						TestTargetID = 1881F56C26ED1E4200B175D0;
					};
					1881F58D26ED1E4D00B175D0 = {
						CreatedOnToolsVersion = 12.5.1;
						TestTargetID = 1881F56C26ED1E4200B175D0;
					};
				};
			};
			buildConfigurationList = 1881F56826ED1E4200B175D0 /* Build configuration list for PBXProject "MetaWeather" */;
			compatibilityVersion = "Xcode 9.3";
			developmentRegion = en;
			hasScannedForEncodings = 0;
			knownRegions = (
				en,
				Base,
			);
			mainGroup = 1881F56426ED1E4200B175D0;
			productRefGroup = 1881F56E26ED1E4200B175D0 /* Products */;
			projectDirPath = "";
			projectRoot = "";
			targets = (
				1881F56C26ED1E4200B175D0 /* MetaWeather */,
				1881F58226ED1E4D00B175D0 /* MetaWeatherTests */,
				1881F58D26ED1E4D00B175D0 /* MetaWeatherUITests */,
			);
		};
/* End PBXProject section */

/* Begin PBXResourcesBuildPhase section */
		1881F56B26ED1E4200B175D0 /* Resources */ = {
			isa = PBXResourcesBuildPhase;
			buildActionMask = 2147483647;
			files = (
				1881F57D26ED1E4C00B175D0 /* LaunchScreen.storyboard in Resources */,
				1881F57A26ED1E4C00B175D0 /* Assets.xcassets in Resources */,
				1881F57826ED1E4200B175D0 /* Main.storyboard in Resources */,
			);
			runOnlyForDeploymentPostprocessing = 0;
		};
		1881F58126ED1E4D00B175D0 /* Resources */ = {
			isa = PBXResourcesBuildPhase;
			buildActionMask = 2147483647;
			files = (
			);
			runOnlyForDeploymentPostprocessing = 0;
		};
		1881F58C26ED1E4D00B175D0 /* Resources */ = {
			isa = PBXResourcesBuildPhase;
			buildActionMask = 2147483647;
			files = (
			);
			runOnlyForDeploymentPostprocessing = 0;
		};
/* End PBXResourcesBuildPhase section */

/* Begin PBXSourcesBuildPhase section */
		1881F56926ED1E4200B175D0 /* Sources */ = {
			isa = PBXSourcesBuildPhase;
			buildActionMask = 2147483647;
			files = (
				1881F57526ED1E4200B175D0 /* ViewController.swift in Sources */,
				1881F57126ED1E4200B175D0 /* AppDelegate.swift in Sources */,
				1881F57326ED1E4200B175D0 /* SceneDelegate.swift in Sources */,
			);
			runOnlyForDeploymentPostprocessing = 0;
		};
		1881F57F26ED1E4D00B175D0 /* Sources */ = {
			isa = PBXSourcesBuildPhase;
			buildActionMask = 2147483647;
			files = (
				1881F58826ED1E4D00B175D0 /* MetaWeatherTests.swift in Sources */,
			);
			runOnlyForDeploymentPostprocessing = 0;
		};
		1881F58A26ED1E4D00B175D0 /* Sources */ = {
			isa = PBXSourcesBuildPhase;
			buildActionMask = 2147483647;
			files = (
				1881F59326ED1E4D00B175D0 /* MetaWeatherUITests.swift in Sources */,
			);
			runOnlyForDeploymentPostprocessing = 0;
		};
/* End PBXSourcesBuildPhase section */

/* Begin PBXTargetDependency section */
		1881F58526ED1E4D00B175D0 /* PBXTargetDependency */ = {
			isa = PBXTargetDependency;
			target = 1881F56C26ED1E4200B175D0 /* MetaWeather */;
			targetProxy = 1881F58426ED1E4D00B175D0 /* PBXContainerItemProxy */;
		};
		1881F59026ED1E4D00B175D0 /* PBXTargetDependency */ = {
			isa = PBXTargetDependency;
			target = 1881F56C26ED1E4200B175D0 /* MetaWeather */;
			targetProxy = 1881F58F26ED1E4D00B175D0 /* PBXContainerItemProxy */;
		};
/* End PBXTargetDependency section */

/* Begin PBXVariantGroup section */
		1881F57626ED1E4200B175D0 /* Main.storyboard */ = {
			isa = PBXVariantGroup;
			children = (
				1881F57726ED1E4200B175D0 /* Base */,
			);
			name = Main.storyboard;
			sourceTree = "<group>";
		};
		1881F57B26ED1E4C00B175D0 /* LaunchScreen.storyboard */ = {
			isa = PBXVariantGroup;
			children = (
				1881F57C26ED1E4C00B175D0 /* Base */,
			);
			name = LaunchScreen.storyboard;
			sourceTree = "<group>";
		};
/* End PBXVariantGroup section */

/* Begin XCBuildConfiguration section */
		1881F59526ED1E4D00B175D0 /* Debug */ = {
			isa = XCBuildConfiguration;
			buildSettings = {
				ALWAYS_SEARCH_USER_PATHS = NO;
				CLANG_ANALYZER_NONNULL = YES;
				CLANG_ANALYZER_NUMBER_OBJECT_CONVERSION = YES_AGGRESSIVE;
				CLANG_CXX_LANGUAGE_STANDARD = "gnu++14";
				CLANG_CXX_LIBRARY = "libc++";
				CLANG_ENABLE_MODULES = YES;
				CLANG_ENABLE_OBJC_ARC = YES;
				CLANG_ENABLE_OBJC_WEAK = YES;
				CLANG_WARN_BLOCK_CAPTURE_AUTORELEASING = YES;
				CLANG_WARN_BOOL_CONVERSION = YES;
				CLANG_WARN_COMMA = YES;
				CLANG_WARN_CONSTANT_CONVERSION = YES;
				CLANG_WARN_DEPRECATED_OBJC_IMPLEMENTATIONS = YES;
				CLANG_WARN_DIRECT_OBJC_ISA_USAGE = YES_ERROR;
				CLANG_WARN_DOCUMENTATION_COMMENTS = YES;
				CLANG_WARN_EMPTY_BODY = YES;
				CLANG_WARN_ENUM_CONVERSION = YES;
				CLANG_WARN_INFINITE_RECURSION = YES;
				CLANG_WARN_INT_CONVERSION = YES;
				CLANG_WARN_NON_LITERAL_NULL_CONVERSION = YES;
				CLANG_WARN_OBJC_IMPLICIT_RETAIN_SELF = YES;
				CLANG_WARN_OBJC_LITERAL_CONVERSION = YES;
				CLANG_WARN_OBJC_ROOT_CLASS = YES_ERROR;
				CLANG_WARN_QUOTED_INCLUDE_IN_FRAMEWORK_HEADER = YES;
				CLANG_WARN_RANGE_LOOP_ANALYSIS = YES;
				CLANG_WARN_STRICT_PROTOTYPES = YES;
				CLANG_WARN_SUSPICIOUS_MOVE = YES;
				CLANG_WARN_UNGUARDED_AVAILABILITY = YES_AGGRESSIVE;
				CLANG_WARN_UNREACHABLE_CODE = YES;
				CLANG_WARN__DUPLICATE_METHOD_MATCH = YES;
				COPY_PHASE_STRIP = NO;
				DEBUG_INFORMATION_FORMAT = dwarf;
				ENABLE_STRICT_OBJC_MSGSEND = YES;
				ENABLE_TESTABILITY = YES;
				GCC_C_LANGUAGE_STANDARD = gnu11;
				GCC_DYNAMIC_NO_PIC = NO;
				GCC_NO_COMMON_BLOCKS = YES;
				GCC_OPTIMIZATION_LEVEL = 0;
				GCC_PREPROCESSOR_DEFINITIONS = (
					"DEBUG=1",
					"$(inherited)",
				);
				GCC_WARN_64_TO_32_BIT_CONVERSION = YES;
				GCC_WARN_ABOUT_RETURN_TYPE = YES_ERROR;
				GCC_WARN_UNDECLARED_SELECTOR = YES;
				GCC_WARN_UNINITIALIZED_AUTOS = YES_AGGRESSIVE;
				GCC_WARN_UNUSED_FUNCTION = YES;
				GCC_WARN_UNUSED_VARIABLE = YES;
				IPHONEOS_DEPLOYMENT_TARGET = 14.5;
				MTL_ENABLE_DEBUG_INFO = INCLUDE_SOURCE;
				MTL_FAST_MATH = YES;
				ONLY_ACTIVE_ARCH = YES;
				SDKROOT = iphoneos;
				SWIFT_ACTIVE_COMPILATION_CONDITIONS = DEBUG;
				SWIFT_OPTIMIZATION_LEVEL = "-Onone";
			};
			name = Debug;
		};
		1881F59626ED1E4D00B175D0 /* Release */ = {
			isa = XCBuildConfiguration;
			buildSettings = {
				ALWAYS_SEARCH_USER_PATHS = NO;
				CLANG_ANALYZER_NONNULL = YES;
				CLANG_ANALYZER_NUMBER_OBJECT_CONVERSION = YES_AGGRESSIVE;
				CLANG_CXX_LANGUAGE_STANDARD = "gnu++14";
				CLANG_CXX_LIBRARY = "libc++";
				CLANG_ENABLE_MODULES = YES;
				CLANG_ENABLE_OBJC_ARC = YES;
				CLANG_ENABLE_OBJC_WEAK = YES;
				CLANG_WARN_BLOCK_CAPTURE_AUTORELEASING = YES;
				CLANG_WARN_BOOL_CONVERSION = YES;
				CLANG_WARN_COMMA = YES;
				CLANG_WARN_CONSTANT_CONVERSION = YES;
				CLANG_WARN_DEPRECATED_OBJC_IMPLEMENTATIONS = YES;
				CLANG_WARN_DIRECT_OBJC_ISA_USAGE = YES_ERROR;
				CLANG_WARN_DOCUMENTATION_COMMENTS = YES;
				CLANG_WARN_EMPTY_BODY = YES;
				CLANG_WARN_ENUM_CONVERSION = YES;
				CLANG_WARN_INFINITE_RECURSION = YES;
				CLANG_WARN_INT_CONVERSION = YES;
				CLANG_WARN_NON_LITERAL_NULL_CONVERSION = YES;
				CLANG_WARN_OBJC_IMPLICIT_RETAIN_SELF = YES;
				CLANG_WARN_OBJC_LITERAL_CONVERSION = YES;
				CLANG_WARN_OBJC_ROOT_CLASS = YES_ERROR;
				CLANG_WARN_QUOTED_INCLUDE_IN_FRAMEWORK_HEADER = YES;
				CLANG_WARN_RANGE_LOOP_ANALYSIS = YES;
				CLANG_WARN_STRICT_PROTOTYPES = YES;
				CLANG_WARN_SUSPICIOUS_MOVE = YES;
				CLANG_WARN_UNGUARDED_AVAILABILITY = YES_AGGRESSIVE;
				CLANG_WARN_UNREACHABLE_CODE = YES;
				CLANG_WARN__DUPLICATE_METHOD_MATCH = YES;
				COPY_PHASE_STRIP = NO;
				DEBUG_INFORMATION_FORMAT = "dwarf-with-dsym";
				ENABLE_NS_ASSERTIONS = NO;
				ENABLE_STRICT_OBJC_MSGSEND = YES;
				GCC_C_LANGUAGE_STANDARD = gnu11;
				GCC_NO_COMMON_BLOCKS = YES;
				GCC_WARN_64_TO_32_BIT_CONVERSION = YES;
				GCC_WARN_ABOUT_RETURN_TYPE = YES_ERROR;
				GCC_WARN_UNDECLARED_SELECTOR = YES;
				GCC_WARN_UNINITIALIZED_AUTOS = YES_AGGRESSIVE;
				GCC_WARN_UNUSED_FUNCTION = YES;
				GCC_WARN_UNUSED_VARIABLE = YES;
				IPHONEOS_DEPLOYMENT_TARGET = 14.5;
				MTL_ENABLE_DEBUG_INFO = NO;
				MTL_FAST_MATH = YES;
				SDKROOT = iphoneos;
				SWIFT_COMPILATION_MODE = wholemodule;
				SWIFT_OPTIMIZATION_LEVEL = "-O";
				VALIDATE_PRODUCT = YES;
			};
			name = Release;
		};
		1881F59826ED1E4D00B175D0 /* Debug */ = {
			isa = XCBuildConfiguration;
			buildSettings = {
				ASSETCATALOG_COMPILER_APPICON_NAME = AppIcon;
				ASSETCATALOG_COMPILER_GLOBAL_ACCENT_COLOR_NAME = AccentColor;
				CODE_SIGN_STYLE = Automatic;
				INFOPLIST_FILE = MetaWeather/Info.plist;
				LD_RUNPATH_SEARCH_PATHS = (
					"$(inherited)",
					"@executable_path/Frameworks",
				);
				PRODUCT_BUNDLE_IDENTIFIER = com.carolina.MetaWeather;
				PRODUCT_NAME = "$(TARGET_NAME)";
				SWIFT_VERSION = 5.0;
				TARGETED_DEVICE_FAMILY = "1,2";
			};
			name = Debug;
		};
		1881F59926ED1E4D00B175D0 /* Release */ = {
			isa = XCBuildConfiguration;
			buildSettings = {
				ASSETCATALOG_COMPILER_APPICON_NAME = AppIcon;
				ASSETCATALOG_COMPILER_GLOBAL_ACCENT_COLOR_NAME = AccentColor;
				CODE_SIGN_STYLE = Automatic;
				INFOPLIST_FILE = MetaWeather/Info.plist;
				LD_RUNPATH_SEARCH_PATHS = (
					"$(inherited)",
					"@executable_path/Frameworks",
				);
				PRODUCT_BUNDLE_IDENTIFIER = com.carolina.MetaWeather;
				PRODUCT_NAME = "$(TARGET_NAME)";
				SWIFT_VERSION = 5.0;
				TARGETED_DEVICE_FAMILY = "1,2";
			};
			name = Release;
		};
		1881F59B26ED1E4D00B175D0 /* Debug */ = {
			isa = XCBuildConfiguration;
			buildSettings = {
				ALWAYS_EMBED_SWIFT_STANDARD_LIBRARIES = YES;
				BUNDLE_LOADER = "$(TEST_HOST)";
				CODE_SIGN_STYLE = Automatic;
				INFOPLIST_FILE = MetaWeatherTests/Info.plist;
				IPHONEOS_DEPLOYMENT_TARGET = 14.5;
				LD_RUNPATH_SEARCH_PATHS = (
					"$(inherited)",
					"@executable_path/Frameworks",
					"@loader_path/Frameworks",
				);
				PRODUCT_BUNDLE_IDENTIFIER = com.carolina.MetaWeatherTests;
				PRODUCT_NAME = "$(TARGET_NAME)";
				SWIFT_VERSION = 5.0;
				TARGETED_DEVICE_FAMILY = "1,2";
				TEST_HOST = "$(BUILT_PRODUCTS_DIR)/MetaWeather.app/MetaWeather";
			};
			name = Debug;
		};
		1881F59C26ED1E4D00B175D0 /* Release */ = {
			isa = XCBuildConfiguration;
			buildSettings = {
				ALWAYS_EMBED_SWIFT_STANDARD_LIBRARIES = YES;
				BUNDLE_LOADER = "$(TEST_HOST)";
				CODE_SIGN_STYLE = Automatic;
				INFOPLIST_FILE = MetaWeatherTests/Info.plist;
				IPHONEOS_DEPLOYMENT_TARGET = 14.5;
				LD_RUNPATH_SEARCH_PATHS = (
					"$(inherited)",
					"@executable_path/Frameworks",
					"@loader_path/Frameworks",
				);
				PRODUCT_BUNDLE_IDENTIFIER = com.carolina.MetaWeatherTests;
				PRODUCT_NAME = "$(TARGET_NAME)";
				SWIFT_VERSION = 5.0;
				TARGETED_DEVICE_FAMILY = "1,2";
				TEST_HOST = "$(BUILT_PRODUCTS_DIR)/MetaWeather.app/MetaWeather";
			};
			name = Release;
		};
		1881F59E26ED1E4D00B175D0 /* Debug */ = {
			isa = XCBuildConfiguration;
			buildSettings = {
				ALWAYS_EMBED_SWIFT_STANDARD_LIBRARIES = YES;
				CODE_SIGN_STYLE = Automatic;
				INFOPLIST_FILE = MetaWeatherUITests/Info.plist;
				LD_RUNPATH_SEARCH_PATHS = (
					"$(inherited)",
					"@executable_path/Frameworks",
					"@loader_path/Frameworks",
				);
				PRODUCT_BUNDLE_IDENTIFIER = com.carolina.MetaWeatherUITests;
				PRODUCT_NAME = "$(TARGET_NAME)";
				SWIFT_VERSION = 5.0;
				TARGETED_DEVICE_FAMILY = "1,2";
				TEST_TARGET_NAME = MetaWeather;
			};
			name = Debug;
		};
		1881F59F26ED1E4D00B175D0 /* Release */ = {
			isa = XCBuildConfiguration;
			buildSettings = {
				ALWAYS_EMBED_SWIFT_STANDARD_LIBRARIES = YES;
				CODE_SIGN_STYLE = Automatic;
				INFOPLIST_FILE = MetaWeatherUITests/Info.plist;
				LD_RUNPATH_SEARCH_PATHS = (
					"$(inherited)",
					"@executable_path/Frameworks",
					"@loader_path/Frameworks",
				);
				PRODUCT_BUNDLE_IDENTIFIER = com.carolina.MetaWeatherUITests;
				PRODUCT_NAME = "$(TARGET_NAME)";
				SWIFT_VERSION = 5.0;
				TARGETED_DEVICE_FAMILY = "1,2";
				TEST_TARGET_NAME = MetaWeather;
			};
			name = Release;
		};
/* End XCBuildConfiguration section */

/* Begin XCConfigurationList section */
		1881F56826ED1E4200B175D0 /* Build configuration list for PBXProject "MetaWeather" */ = {
			isa = XCConfigurationList;
			buildConfigurations = (
				1881F59526ED1E4D00B175D0 /* Debug */,
				1881F59626ED1E4D00B175D0 /* Release */,
			);
			defaultConfigurationIsVisible = 0;
			defaultConfigurationName = Release;
		};
		1881F59726ED1E4D00B175D0 /* Build configuration list for PBXNativeTarget "MetaWeather" */ = {
			isa = XCConfigurationList;
			buildConfigurations = (
				1881F59826ED1E4D00B175D0 /* Debug */,
				1881F59926ED1E4D00B175D0 /* Release */,
			);
			defaultConfigurationIsVisible = 0;
			defaultConfigurationName = Release;
		};
		1881F59A26ED1E4D00B175D0 /* Build configuration list for PBXNativeTarget "MetaWeatherTests" */ = {
			isa = XCConfigurationList;
			buildConfigurations = (
				1881F59B26ED1E4D00B175D0 /* Debug */,
				1881F59C26ED1E4D00B175D0 /* Release */,
			);
			defaultConfigurationIsVisible = 0;
			defaultConfigurationName = Release;
		};
		1881F59D26ED1E4D00B175D0 /* Build configuration list for PBXNativeTarget "MetaWeatherUITests" */ = {
			isa = XCConfigurationList;
			buildConfigurations = (
				1881F59E26ED1E4D00B175D0 /* Debug */,
				1881F59F26ED1E4D00B175D0 /* Release */,
			);
			defaultConfigurationIsVisible = 0;
			defaultConfigurationName = Release;
		};
/* End XCConfigurationList section */
	};
	rootObject = 1881F56526ED1E4200B175D0 /* Project object */;
}
